
Microsoft Visual Studio Solution File, Format Version 12.00
# Visual Studio 15
VisualStudioVersion = 15.0.28010.2003
MinimumVisualStudioVersion = 10.0.40219.1
Project("{FAE04EC0-301F-11D3-BF4B-00C04F79EFBC}") = "Test.Web", "Test.Web\Test.Web.csproj", "{3D1995BD-05AF-4F7C-849D-CABBDA17784B}"
EndProject
Project("{FAE04EC0-301F-11D3-BF4B-00C04F79EFBC}") = "Test.Data", "Test.Data\Test.Data.csproj", "{13C69E92-6B93-4F51-98F2-3BE083E9E0D4}"
EndProject
Project("{FAE04EC0-301F-11D3-BF4B-00C04F79EFBC}") = "Test.Common", "Test.Common\Test.Common.csproj", "{06161257-B2AD-41B0-99FB-AD928C09207F}"
EndProject
Project("{FAE04EC0-301F-11D3-BF4B-00C04F79EFBC}") = "Test.Business", "Test.Business\Test.Business.csproj", "{3D25AD36-35AF-4A34-9005-A404E04FD669}"
EndProject
Global
	GlobalSection(SolutionConfigurationPlatforms) = preSolution
		Debug|Any CPU = Debug|Any CPU
		Release|Any CPU = Release|Any CPU
	EndGlobalSection
	GlobalSection(ProjectConfigurationPlatforms) = postSolution
		{3D1995BD-05AF-4F7C-849D-CABBDA17784B}.Debug|Any CPU.ActiveCfg = Debug|Any CPU
		{3D1995BD-05AF-4F7C-849D-CABBDA17784B}.Debug|Any CPU.Build.0 = Debug|Any CPU
		{3D1995BD-05AF-4F7C-849D-CABBDA17784B}.Release|Any CPU.ActiveCfg = Release|Any CPU
		{3D1995BD-05AF-4F7C-849D-CABBDA17784B}.Release|Any CPU.Build.0 = Release|Any CPU
		{13C69E92-6B93-4F51-98F2-3BE083E9E0D4}.Debug|Any CPU.ActiveCfg = Debug|Any CPU
		{13C69E92-6B93-4F51-98F2-3BE083E9E0D4}.Debug|Any CPU.Build.0 = Debug|Any CPU
		{13C69E92-6B93-4F51-98F2-3BE083E9E0D4}.Release|Any CPU.ActiveCfg = Release|Any CPU
		{13C69E92-6B93-4F51-98F2-3BE083E9E0D4}.Release|Any CPU.Build.0 = Release|Any CPU
		{06161257-B2AD-41B0-99FB-AD928C09207F}.Debug|Any CPU.ActiveCfg = Debug|Any CPU
		{06161257-B2AD-41B0-99FB-AD928C09207F}.Debug|Any CPU.Build.0 = Debug|Any CPU
		{06161257-B2AD-41B0-99FB-AD928C09207F}.Release|Any CPU.ActiveCfg = Release|Any CPU
		{06161257-B2AD-41B0-99FB-AD928C09207F}.Release|Any CPU.Build.0 = Release|Any CPU
		{3D25AD36-35AF-4A34-9005-A404E04FD669}.Debug|Any CPU.ActiveCfg = Debug|Any CPU
		{3D25AD36-35AF-4A34-9005-A404E04FD669}.Debug|Any CPU.Build.0 = Debug|Any CPU
		{3D25AD36-35AF-4A34-9005-A404E04FD669}.Release|Any CPU.ActiveCfg = Release|Any CPU
		{3D25AD36-35AF-4A34-9005-A404E04FD669}.Release|Any CPU.Build.0 = Release|Any CPU
	EndGlobalSection
	GlobalSection(SolutionProperties) = preSolution
		HideSolutionNode = FALSE
	EndGlobalSection
	GlobalSection(ExtensibilityGlobals) = postSolution
		SolutionGuid = {A454E9B6-F42F-4B8D-8E08-59BA14EBACC6}
	EndGlobalSection
EndGlobal
